
Microsoft Visual Studio Solution File, Format Version 12.00
# Visual Studio Version 17
VisualStudioVersion = 17.0.31903.59
MinimumVisualStudioVersion = 10.0.40219.1
Project("{FAE04EC0-301F-11D3-BF4B-00C04F79EFBC}") = "ClimaNotificacoesAPI.Domain", "ClimaNotificacoesAPI.Domain\ClimaNotificacoesAPI.Domain.csproj", "{D461A9C3-4542-42F7-A60C-1E8B76F12D60}"
EndProject
Project("{FAE04EC0-301F-11D3-BF4B-00C04F79EFBC}") = "ClimaNotificacoesAPI.Application", "ClimaNotificacoesAPI.Application\ClimaNotificacoesAPI.Application.csproj", "{ED04AF26-09F1-4CC3-A114-CEE1A00203D2}"
EndProject
Project("{FAE04EC0-301F-11D3-BF4B-00C04F79EFBC}") = "ClimaNotificacoesAPI.Infrastructure", "ClimaNotificacoesAPI.Infrastructure\ClimaNotificacoesAPI.Infrastructure.csproj", "{491798E4-FCAE-4DF9-8820-F54013CE5FB6}"
EndProject
Project("{FAE04EC0-301F-11D3-BF4B-00C04F79EFBC}") = "ClimaNotificacoesAPI.API", "ClimaNotificacoesAPI.API\ClimaNotificacoesAPI.API.csproj", "{D187E301-8DA5-4B0E-96B0-227883EF1E9C}"
EndProject
Global
	GlobalSection(SolutionConfigurationPlatforms) = preSolution
		Debug|Any CPU = Debug|Any CPU
		Release|Any CPU = Release|Any CPU
	EndGlobalSection
	GlobalSection(SolutionProperties) = preSolution
		HideSolutionNode = FALSE
	EndGlobalSection
	GlobalSection(ProjectConfigurationPlatforms) = postSolution
		{D461A9C3-4542-42F7-A60C-1E8B76F12D60}.Debug|Any CPU.ActiveCfg = Debug|Any CPU
		{D461A9C3-4542-42F7-A60C-1E8B76F12D60}.Debug|Any CPU.Build.0 = Debug|Any CPU
		{D461A9C3-4542-42F7-A60C-1E8B76F12D60}.Release|Any CPU.ActiveCfg = Release|Any CPU
		{D461A9C3-4542-42F7-A60C-1E8B76F12D60}.Release|Any CPU.Build.0 = Release|Any CPU
		{ED04AF26-09F1-4CC3-A114-CEE1A00203D2}.Debug|Any CPU.ActiveCfg = Debug|Any CPU
		{ED04AF26-09F1-4CC3-A114-CEE1A00203D2}.Debug|Any CPU.Build.0 = Debug|Any CPU
		{ED04AF26-09F1-4CC3-A114-CEE1A00203D2}.Release|Any CPU.ActiveCfg = Release|Any CPU
		{ED04AF26-09F1-4CC3-A114-CEE1A00203D2}.Release|Any CPU.Build.0 = Release|Any CPU
		{491798E4-FCAE-4DF9-8820-F54013CE5FB6}.Debug|Any CPU.ActiveCfg = Debug|Any CPU
		{491798E4-FCAE-4DF9-8820-F54013CE5FB6}.Debug|Any CPU.Build.0 = Debug|Any CPU
		{491798E4-FCAE-4DF9-8820-F54013CE5FB6}.Release|Any CPU.ActiveCfg = Release|Any CPU
		{491798E4-FCAE-4DF9-8820-F54013CE5FB6}.Release|Any CPU.Build.0 = Release|Any CPU
		{D187E301-8DA5-4B0E-96B0-227883EF1E9C}.Debug|Any CPU.ActiveCfg = Debug|Any CPU
		{D187E301-8DA5-4B0E-96B0-227883EF1E9C}.Debug|Any CPU.Build.0 = Debug|Any CPU
		{D187E301-8DA5-4B0E-96B0-227883EF1E9C}.Release|Any CPU.ActiveCfg = Release|Any CPU
		{D187E301-8DA5-4B0E-96B0-227883EF1E9C}.Release|Any CPU.Build.0 = Release|Any CPU
	EndGlobalSection
EndGlobal
